// !$*UTF8*$!
{
	archiveVersion = 1;
	classes = {
	};
	objectVersion = 46;
	objects = {

/* Begin PBXBuildFile section */
		0BE23EC855FB3DEAE3C24680 /* Pods_TeameesTests.framework in Frameworks */ = {isa = PBXBuildFile; fileRef = EDB4C62ECCA34864D26F43B6 /* Pods_TeameesTests.framework */; };
		7B8614A4313ACE25C5FCB005 /* Pods_Teamees.framework in Frameworks */ = {isa = PBXBuildFile; fileRef = C40786B6BC15E25832FBA8E9 /* Pods_Teamees.framework */; };
		D0DD23921F65A96300B944B4 /* AppDelegate.swift in Sources */ = {isa = PBXBuildFile; fileRef = D0DD23911F65A96300B944B4 /* AppDelegate.swift */; };
		D0DD23941F65A96300B944B4 /* MainVC.swift in Sources */ = {isa = PBXBuildFile; fileRef = D0DD23931F65A96300B944B4 /* MainVC.swift */; };
		D0DD23971F65A96300B944B4 /* Main.storyboard in Resources */ = {isa = PBXBuildFile; fileRef = D0DD23951F65A96300B944B4 /* Main.storyboard */; };
		D0DD23991F65A96300B944B4 /* Assets.xcassets in Resources */ = {isa = PBXBuildFile; fileRef = D0DD23981F65A96300B944B4 /* Assets.xcassets */; };
		D0DD239C1F65A96300B944B4 /* LaunchScreen.storyboard in Resources */ = {isa = PBXBuildFile; fileRef = D0DD239A1F65A96300B944B4 /* LaunchScreen.storyboard */; };
		D0DD23A71F65A96300B944B4 /* TeameesTests.swift in Sources */ = {isa = PBXBuildFile; fileRef = D0DD23A61F65A96300B944B4 /* TeameesTests.swift */; };
		D0DD23B51F65B31C00B944B4 /* EventCell.swift in Sources */ = {isa = PBXBuildFile; fileRef = D0DD23B41F65B31C00B944B4 /* EventCell.swift */; };
		D0DD23B81F65CBF100B944B4 /* ConstraintViews.swift in Sources */ = {isa = PBXBuildFile; fileRef = D0DD23B71F65CBF100B944B4 /* ConstraintViews.swift */; };
		D0DD23BA1F67100E00B944B4 /* MenuBar.swift in Sources */ = {isa = PBXBuildFile; fileRef = D0DD23B91F67100E00B944B4 /* MenuBar.swift */; };
		D0DD23BC1F671B5E00B944B4 /* BaseCell.swift in Sources */ = {isa = PBXBuildFile; fileRef = D0DD23BB1F671B5E00B944B4 /* BaseCell.swift */; };
		D0DD23BE1F671BBD00B944B4 /* MenuCell.swift in Sources */ = {isa = PBXBuildFile; fileRef = D0DD23BD1F671BBD00B944B4 /* MenuCell.swift */; };
/* End PBXBuildFile section */

/* Begin PBXContainerItemProxy section */
		D0DD23A31F65A96300B944B4 /* PBXContainerItemProxy */ = {
			isa = PBXContainerItemProxy;
			containerPortal = D0DD23861F65A96300B944B4 /* Project object */;
			proxyType = 1;
			remoteGlobalIDString = D0DD238D1F65A96300B944B4;
			remoteInfo = Teamees;
		};
/* End PBXContainerItemProxy section */

/* Begin PBXFileReference section */
		07C15832A83A44CD85BDC541 /* Pods-Teamees.debug.xcconfig */ = {isa = PBXFileReference; includeInIndex = 1; lastKnownFileType = text.xcconfig; name = "Pods-Teamees.debug.xcconfig"; path = "Pods/Target Support Files/Pods-Teamees/Pods-Teamees.debug.xcconfig"; sourceTree = "<group>"; };
		231D4E0AF270A1792643EFEE /* Pods-TeameesTests.release.xcconfig */ = {isa = PBXFileReference; includeInIndex = 1; lastKnownFileType = text.xcconfig; name = "Pods-TeameesTests.release.xcconfig"; path = "Pods/Target Support Files/Pods-TeameesTests/Pods-TeameesTests.release.xcconfig"; sourceTree = "<group>"; };
		7CA8C6C9934723CA4CE90DA8 /* Pods-TeameesTests.debug.xcconfig */ = {isa = PBXFileReference; includeInIndex = 1; lastKnownFileType = text.xcconfig; name = "Pods-TeameesTests.debug.xcconfig"; path = "Pods/Target Support Files/Pods-TeameesTests/Pods-TeameesTests.debug.xcconfig"; sourceTree = "<group>"; };
		8CABCEBFDF869A00E2EF712A /* Pods-Teamees.release.xcconfig */ = {isa = PBXFileReference; includeInIndex = 1; lastKnownFileType = text.xcconfig; name = "Pods-Teamees.release.xcconfig"; path = "Pods/Target Support Files/Pods-Teamees/Pods-Teamees.release.xcconfig"; sourceTree = "<group>"; };
		C40786B6BC15E25832FBA8E9 /* Pods_Teamees.framework */ = {isa = PBXFileReference; explicitFileType = wrapper.framework; includeInIndex = 0; path = Pods_Teamees.framework; sourceTree = BUILT_PRODUCTS_DIR; };
		D0DD238E1F65A96300B944B4 /* Teamees.app */ = {isa = PBXFileReference; explicitFileType = wrapper.application; includeInIndex = 0; path = Teamees.app; sourceTree = BUILT_PRODUCTS_DIR; };
		D0DD23911F65A96300B944B4 /* AppDelegate.swift */ = {isa = PBXFileReference; lastKnownFileType = sourcecode.swift; path = AppDelegate.swift; sourceTree = "<group>"; };
		D0DD23931F65A96300B944B4 /* MainVC.swift */ = {isa = PBXFileReference; lastKnownFileType = sourcecode.swift; path = MainVC.swift; sourceTree = "<group>"; };
		D0DD23961F65A96300B944B4 /* Base */ = {isa = PBXFileReference; lastKnownFileType = file.storyboard; name = Base; path = Base.lproj/Main.storyboard; sourceTree = "<group>"; };
		D0DD23981F65A96300B944B4 /* Assets.xcassets */ = {isa = PBXFileReference; lastKnownFileType = folder.assetcatalog; path = Assets.xcassets; sourceTree = "<group>"; };
		D0DD239B1F65A96300B944B4 /* Base */ = {isa = PBXFileReference; lastKnownFileType = file.storyboard; name = Base; path = Base.lproj/LaunchScreen.storyboard; sourceTree = "<group>"; };
		D0DD239D1F65A96300B944B4 /* Info.plist */ = {isa = PBXFileReference; lastKnownFileType = text.plist.xml; path = Info.plist; sourceTree = "<group>"; };
		D0DD23A21F65A96300B944B4 /* TeameesTests.xctest */ = {isa = PBXFileReference; explicitFileType = wrapper.cfbundle; includeInIndex = 0; path = TeameesTests.xctest; sourceTree = BUILT_PRODUCTS_DIR; };
		D0DD23A61F65A96300B944B4 /* TeameesTests.swift */ = {isa = PBXFileReference; lastKnownFileType = sourcecode.swift; path = TeameesTests.swift; sourceTree = "<group>"; };
		D0DD23A81F65A96300B944B4 /* Info.plist */ = {isa = PBXFileReference; lastKnownFileType = text.plist.xml; path = Info.plist; sourceTree = "<group>"; };
		D0DD23B41F65B31C00B944B4 /* EventCell.swift */ = {isa = PBXFileReference; fileEncoding = 4; lastKnownFileType = sourcecode.swift; path = EventCell.swift; sourceTree = "<group>"; };
		D0DD23B71F65CBF100B944B4 /* ConstraintViews.swift */ = {isa = PBXFileReference; fileEncoding = 4; lastKnownFileType = sourcecode.swift; path = ConstraintViews.swift; sourceTree = "<group>"; };
		D0DD23B91F67100E00B944B4 /* MenuBar.swift */ = {isa = PBXFileReference; fileEncoding = 4; lastKnownFileType = sourcecode.swift; path = MenuBar.swift; sourceTree = "<group>"; };
		D0DD23BB1F671B5E00B944B4 /* BaseCell.swift */ = {isa = PBXFileReference; fileEncoding = 4; lastKnownFileType = sourcecode.swift; path = BaseCell.swift; sourceTree = "<group>"; };
		D0DD23BD1F671BBD00B944B4 /* MenuCell.swift */ = {isa = PBXFileReference; fileEncoding = 4; lastKnownFileType = sourcecode.swift; path = MenuCell.swift; sourceTree = "<group>"; };
		EDB4C62ECCA34864D26F43B6 /* Pods_TeameesTests.framework */ = {isa = PBXFileReference; explicitFileType = wrapper.framework; includeInIndex = 0; path = Pods_TeameesTests.framework; sourceTree = BUILT_PRODUCTS_DIR; };
/* End PBXFileReference section */

/* Begin PBXFrameworksBuildPhase section */
		D0DD238B1F65A96300B944B4 /* Frameworks */ = {
			isa = PBXFrameworksBuildPhase;
			buildActionMask = 2147483647;
			files = (
				7B8614A4313ACE25C5FCB005 /* Pods_Teamees.framework in Frameworks */,
			);
			runOnlyForDeploymentPostprocessing = 0;
		};
		D0DD239F1F65A96300B944B4 /* Frameworks */ = {
			isa = PBXFrameworksBuildPhase;
			buildActionMask = 2147483647;
			files = (
				0BE23EC855FB3DEAE3C24680 /* Pods_TeameesTests.framework in Frameworks */,
			);
			runOnlyForDeploymentPostprocessing = 0;
		};
/* End PBXFrameworksBuildPhase section */

/* Begin PBXGroup section */
		190AEF465A8CA2DCF44FFF15 /* Frameworks */ = {
			isa = PBXGroup;
			children = (
				C40786B6BC15E25832FBA8E9 /* Pods_Teamees.framework */,
				EDB4C62ECCA34864D26F43B6 /* Pods_TeameesTests.framework */,
			);
			name = Frameworks;
			sourceTree = "<group>";
		};
		69D319D818580DAB519EEF3B /* Pods */ = {
			isa = PBXGroup;
			children = (
				07C15832A83A44CD85BDC541 /* Pods-Teamees.debug.xcconfig */,
				8CABCEBFDF869A00E2EF712A /* Pods-Teamees.release.xcconfig */,
				7CA8C6C9934723CA4CE90DA8 /* Pods-TeameesTests.debug.xcconfig */,
				231D4E0AF270A1792643EFEE /* Pods-TeameesTests.release.xcconfig */,
			);
			name = Pods;
			sourceTree = "<group>";
		};
		D0DD23851F65A96300B944B4 = {
			isa = PBXGroup;
			children = (
				D0DD23901F65A96300B944B4 /* Teamees */,
				D0DD23A51F65A96300B944B4 /* TeameesTests */,
				D0DD238F1F65A96300B944B4 /* Products */,
				69D319D818580DAB519EEF3B /* Pods */,
				190AEF465A8CA2DCF44FFF15 /* Frameworks */,
			);
			sourceTree = "<group>";
		};
		D0DD238F1F65A96300B944B4 /* Products */ = {
			isa = PBXGroup;
			children = (
				D0DD238E1F65A96300B944B4 /* Teamees.app */,
				D0DD23A21F65A96300B944B4 /* TeameesTests.xctest */,
			);
			name = Products;
			sourceTree = "<group>";
		};
		D0DD23901F65A96300B944B4 /* Teamees */ = {
			isa = PBXGroup;
			children = (
				D0DD23B61F65CBD700B944B4 /* Extensions */,
				D0DD23B31F65A97D00B944B4 /* Model */,
				D0DD23B21F65A97400B944B4 /* View */,
				D0DD23B11F65A96A00B944B4 /* Controller */,
				D0DD23911F65A96300B944B4 /* AppDelegate.swift */,
				D0DD23951F65A96300B944B4 /* Main.storyboard */,
				D0DD23981F65A96300B944B4 /* Assets.xcassets */,
				D0DD239A1F65A96300B944B4 /* LaunchScreen.storyboard */,
				D0DD239D1F65A96300B944B4 /* Info.plist */,
			);
			path = Teamees;
			sourceTree = "<group>";
		};
		D0DD23A51F65A96300B944B4 /* TeameesTests */ = {
			isa = PBXGroup;
			children = (
				D0DD23A61F65A96300B944B4 /* TeameesTests.swift */,
				D0DD23A81F65A96300B944B4 /* Info.plist */,
			);
			path = TeameesTests;
			sourceTree = "<group>";
		};
		D0DD23B11F65A96A00B944B4 /* Controller */ = {
			isa = PBXGroup;
			children = (
				D0DD23931F65A96300B944B4 /* MainVC.swift */,
			);
			name = Controller;
			sourceTree = "<group>";
		};
		D0DD23B21F65A97400B944B4 /* View */ = {
			isa = PBXGroup;
			children = (
				D0DD23B41F65B31C00B944B4 /* EventCell.swift */,
				D0DD23B91F67100E00B944B4 /* MenuBar.swift */,
				D0DD23BB1F671B5E00B944B4 /* BaseCell.swift */,
				D0DD23BD1F671BBD00B944B4 /* MenuCell.swift */,
			);
			name = View;
			sourceTree = "<group>";
		};
		D0DD23B31F65A97D00B944B4 /* Model */ = {
			isa = PBXGroup;
			children = (
			);
			name = Model;
			sourceTree = "<group>";
		};
		D0DD23B61F65CBD700B944B4 /* Extensions */ = {
			isa = PBXGroup;
			children = (
				D0DD23B71F65CBF100B944B4 /* ConstraintViews.swift */,
			);
			name = Extensions;
			sourceTree = "<group>";
		};
/* End PBXGroup section */

/* Begin PBXNativeTarget section */
		D0DD238D1F65A96300B944B4 /* Teamees */ = {
			isa = PBXNativeTarget;
			buildConfigurationList = D0DD23AB1F65A96300B944B4 /* Build configuration list for PBXNativeTarget "Teamees" */;
			buildPhases = (
				3D94144BA2ABB8A2B174E558 /* [CP] Check Pods Manifest.lock */,
				D0DD238A1F65A96300B944B4 /* Sources */,
				D0DD238B1F65A96300B944B4 /* Frameworks */,
				D0DD238C1F65A96300B944B4 /* Resources */,
				DE5FD1D5845954F5D47541EB /* [CP] Embed Pods Frameworks */,
				A9E1188CE9EB1F5FBD987ED8 /* [CP] Copy Pods Resources */,
			);
			buildRules = (
			);
			dependencies = (
			);
			name = Teamees;
			productName = Teamees;
			productReference = D0DD238E1F65A96300B944B4 /* Teamees.app */;
			productType = "com.apple.product-type.application";
		};
		D0DD23A11F65A96300B944B4 /* TeameesTests */ = {
			isa = PBXNativeTarget;
			buildConfigurationList = D0DD23AE1F65A96300B944B4 /* Build configuration list for PBXNativeTarget "TeameesTests" */;
			buildPhases = (
				F12A535D76DEE4AB28F0E5A5 /* [CP] Check Pods Manifest.lock */,
				D0DD239E1F65A96300B944B4 /* Sources */,
				D0DD239F1F65A96300B944B4 /* Frameworks */,
				D0DD23A01F65A96300B944B4 /* Resources */,
				CE5F77BDBF78BE88293DF275 /* [CP] Embed Pods Frameworks */,
				BEC4A3811EBF5C1A84E32CDC /* [CP] Copy Pods Resources */,
			);
			buildRules = (
			);
			dependencies = (
				D0DD23A41F65A96300B944B4 /* PBXTargetDependency */,
			);
			name = TeameesTests;
			productName = TeameesTests;
			productReference = D0DD23A21F65A96300B944B4 /* TeameesTests.xctest */;
			productType = "com.apple.product-type.bundle.unit-test";
		};
/* End PBXNativeTarget section */

/* Begin PBXProject section */
		D0DD23861F65A96300B944B4 /* Project object */ = {
			isa = PBXProject;
			attributes = {
				LastSwiftUpdateCheck = 0830;
				LastUpgradeCheck = 0830;
				ORGANIZATIONNAME = "Jose Tapizquent";
				TargetAttributes = {
					D0DD238D1F65A96300B944B4 = {
						CreatedOnToolsVersion = 8.3.3;
						DevelopmentTeam = A58859Q3MF;
						ProvisioningStyle = Automatic;
					};
					D0DD23A11F65A96300B944B4 = {
						CreatedOnToolsVersion = 8.3.3;
						DevelopmentTeam = A58859Q3MF;
						ProvisioningStyle = Automatic;
						TestTargetID = D0DD238D1F65A96300B944B4;
					};
				};
			};
			buildConfigurationList = D0DD23891F65A96300B944B4 /* Build configuration list for PBXProject "Teamees" */;
			compatibilityVersion = "Xcode 3.2";
			developmentRegion = English;
			hasScannedForEncodings = 0;
			knownRegions = (
				en,
				Base,
			);
			mainGroup = D0DD23851F65A96300B944B4;
			productRefGroup = D0DD238F1F65A96300B944B4 /* Products */;
			projectDirPath = "";
			projectRoot = "";
			targets = (
				D0DD238D1F65A96300B944B4 /* Teamees */,
				D0DD23A11F65A96300B944B4 /* TeameesTests */,
			);
		};
/* End PBXProject section */

/* Begin PBXResourcesBuildPhase section */
		D0DD238C1F65A96300B944B4 /* Resources */ = {
			isa = PBXResourcesBuildPhase;
			buildActionMask = 2147483647;
			files = (
				D0DD239C1F65A96300B944B4 /* LaunchScreen.storyboard in Resources */,
				D0DD23991F65A96300B944B4 /* Assets.xcassets in Resources */,
				D0DD23971F65A96300B944B4 /* Main.storyboard in Resources */,
			);
			runOnlyForDeploymentPostprocessing = 0;
		};
		D0DD23A01F65A96300B944B4 /* Resources */ = {
			isa = PBXResourcesBuildPhase;
			buildActionMask = 2147483647;
			files = (
			);
			runOnlyForDeploymentPostprocessing = 0;
		};
/* End PBXResourcesBuildPhase section */

/* Begin PBXShellScriptBuildPhase section */
		3D94144BA2ABB8A2B174E558 /* [CP] Check Pods Manifest.lock */ = {
			isa = PBXShellScriptBuildPhase;
			buildActionMask = 2147483647;
			files = (
			);
			inputPaths = (
				"${PODS_PODFILE_DIR_PATH}/Podfile.lock",
				"${PODS_ROOT}/Manifest.lock",
			);
			name = "[CP] Check Pods Manifest.lock";
			outputPaths = (
				"$(DERIVED_FILE_DIR)/Pods-Teamees-checkManifestLockResult.txt",
			);
			runOnlyForDeploymentPostprocessing = 0;
			shellPath = /bin/sh;
			shellScript = "diff \"${PODS_PODFILE_DIR_PATH}/Podfile.lock\" \"${PODS_ROOT}/Manifest.lock\" > /dev/null\nif [ $? != 0 ] ; then\n    # print error to STDERR\n    echo \"error: The sandbox is not in sync with the Podfile.lock. Run 'pod install' or update your CocoaPods installation.\" >&2\n    exit 1\nfi\n# This output is used by Xcode 'outputs' to avoid re-running this script phase.\necho \"SUCCESS\" > \"${SCRIPT_OUTPUT_FILE_0}\"\n";
			showEnvVarsInLog = 0;
		};
		A9E1188CE9EB1F5FBD987ED8 /* [CP] Copy Pods Resources */ = {
			isa = PBXShellScriptBuildPhase;
			buildActionMask = 2147483647;
			files = (
			);
			inputPaths = (
			);
			name = "[CP] Copy Pods Resources";
			outputPaths = (
			);
			runOnlyForDeploymentPostprocessing = 0;
			shellPath = /bin/sh;
			shellScript = "\"${SRCROOT}/Pods/Target Support Files/Pods-Teamees/Pods-Teamees-resources.sh\"\n";
			showEnvVarsInLog = 0;
		};
		BEC4A3811EBF5C1A84E32CDC /* [CP] Copy Pods Resources */ = {
			isa = PBXShellScriptBuildPhase;
			buildActionMask = 2147483647;
			files = (
			);
			inputPaths = (
			);
			name = "[CP] Copy Pods Resources";
			outputPaths = (
			);
			runOnlyForDeploymentPostprocessing = 0;
			shellPath = /bin/sh;
			shellScript = "\"${SRCROOT}/Pods/Target Support Files/Pods-TeameesTests/Pods-TeameesTests-resources.sh\"\n";
			showEnvVarsInLog = 0;
		};
		CE5F77BDBF78BE88293DF275 /* [CP] Embed Pods Frameworks */ = {
			isa = PBXShellScriptBuildPhase;
			buildActionMask = 2147483647;
			files = (
			);
			inputPaths = (
			);
			name = "[CP] Embed Pods Frameworks";
			outputPaths = (
			);
			runOnlyForDeploymentPostprocessing = 0;
			shellPath = /bin/sh;
			shellScript = "\"${SRCROOT}/Pods/Target Support Files/Pods-TeameesTests/Pods-TeameesTests-frameworks.sh\"\n";
			showEnvVarsInLog = 0;
		};
		DE5FD1D5845954F5D47541EB /* [CP] Embed Pods Frameworks */ = {
			isa = PBXShellScriptBuildPhase;
			buildActionMask = 2147483647;
			files = (
			);
			inputPaths = (
			);
			name = "[CP] Embed Pods Frameworks";
			outputPaths = (
			);
			runOnlyForDeploymentPostprocessing = 0;
			shellPath = /bin/sh;
			shellScript = "\"${SRCROOT}/Pods/Target Support Files/Pods-Teamees/Pods-Teamees-frameworks.sh\"\n";
			showEnvVarsInLog = 0;
		};
		F12A535D76DEE4AB28F0E5A5 /* [CP] Check Pods Manifest.lock */ = {
			isa = PBXShellScriptBuildPhase;
			buildActionMask = 2147483647;
			files = (
			);
			inputPaths = (
				"${PODS_PODFILE_DIR_PATH}/Podfile.lock",
				"${PODS_ROOT}/Manifest.lock",
			);
			name = "[CP] Check Pods Manifest.lock";
			outputPaths = (
				"$(DERIVED_FILE_DIR)/Pods-TeameesTests-checkManifestLockResult.txt",
			);
			runOnlyForDeploymentPostprocessing = 0;
			shellPath = /bin/sh;
			shellScript = "diff \"${PODS_PODFILE_DIR_PATH}/Podfile.lock\" \"${PODS_ROOT}/Manifest.lock\" > /dev/null\nif [ $? != 0 ] ; then\n    # print error to STDERR\n    echo \"error: The sandbox is not in sync with the Podfile.lock. Run 'pod install' or update your CocoaPods installation.\" >&2\n    exit 1\nfi\n# This output is used by Xcode 'outputs' to avoid re-running this script phase.\necho \"SUCCESS\" > \"${SCRIPT_OUTPUT_FILE_0}\"\n";
			showEnvVarsInLog = 0;
		};
/* End PBXShellScriptBuildPhase section */

/* Begin PBXSourcesBuildPhase section */
		D0DD238A1F65A96300B944B4 /* Sources */ = {
			isa = PBXSourcesBuildPhase;
			buildActionMask = 2147483647;
			files = (
				D0DD23BE1F671BBD00B944B4 /* MenuCell.swift in Sources */,
				D0DD23941F65A96300B944B4 /* MainVC.swift in Sources */,
				D0DD23B51F65B31C00B944B4 /* EventCell.swift in Sources */,
				D0DD23921F65A96300B944B4 /* AppDelegate.swift in Sources */,
				D0DD23B81F65CBF100B944B4 /* ConstraintViews.swift in Sources */,
				D0DD23BC1F671B5E00B944B4 /* BaseCell.swift in Sources */,
				D0DD23BA1F67100E00B944B4 /* MenuBar.swift in Sources */,
			);
			runOnlyForDeploymentPostprocessing = 0;
		};
		D0DD239E1F65A96300B944B4 /* Sources */ = {
			isa = PBXSourcesBuildPhase;
			buildActionMask = 2147483647;
			files = (
				D0DD23A71F65A96300B944B4 /* TeameesTests.swift in Sources */,
			);
			runOnlyForDeploymentPostprocessing = 0;
		};
/* End PBXSourcesBuildPhase section */

/* Begin PBXTargetDependency section */
		D0DD23A41F65A96300B944B4 /* PBXTargetDependency */ = {
			isa = PBXTargetDependency;
			target = D0DD238D1F65A96300B944B4 /* Teamees */;
			targetProxy = D0DD23A31F65A96300B944B4 /* PBXContainerItemProxy */;
		};
/* End PBXTargetDependency section */

/* Begin PBXVariantGroup section */
		D0DD23951F65A96300B944B4 /* Main.storyboard */ = {
			isa = PBXVariantGroup;
			children = (
				D0DD23961F65A96300B944B4 /* Base */,
			);
			name = Main.storyboard;
			sourceTree = "<group>";
		};
		D0DD239A1F65A96300B944B4 /* LaunchScreen.storyboard */ = {
			isa = PBXVariantGroup;
			children = (
				D0DD239B1F65A96300B944B4 /* Base */,
			);
			name = LaunchScreen.storyboard;
			sourceTree = "<group>";
		};
/* End PBXVariantGroup section */

/* Begin XCBuildConfiguration section */
		D0DD23A91F65A96300B944B4 /* Debug */ = {
			isa = XCBuildConfiguration;
			buildSettings = {
				ALWAYS_SEARCH_USER_PATHS = NO;
				CLANG_ANALYZER_NONNULL = YES;
				CLANG_ANALYZER_NUMBER_OBJECT_CONVERSION = YES_AGGRESSIVE;
				CLANG_CXX_LANGUAGE_STANDARD = "gnu++0x";
				CLANG_CXX_LIBRARY = "libc++";
				CLANG_ENABLE_MODULES = YES;
				CLANG_ENABLE_OBJC_ARC = YES;
				CLANG_WARN_BOOL_CONVERSION = YES;
				CLANG_WARN_CONSTANT_CONVERSION = YES;
				CLANG_WARN_DIRECT_OBJC_ISA_USAGE = YES_ERROR;
				CLANG_WARN_DOCUMENTATION_COMMENTS = YES;
				CLANG_WARN_EMPTY_BODY = YES;
				CLANG_WARN_ENUM_CONVERSION = YES;
				CLANG_WARN_INFINITE_RECURSION = YES;
				CLANG_WARN_INT_CONVERSION = YES;
				CLANG_WARN_OBJC_ROOT_CLASS = YES_ERROR;
				CLANG_WARN_SUSPICIOUS_MOVE = YES;
				CLANG_WARN_UNREACHABLE_CODE = YES;
				CLANG_WARN__DUPLICATE_METHOD_MATCH = YES;
				"CODE_SIGN_IDENTITY[sdk=iphoneos*]" = "iPhone Developer";
				COPY_PHASE_STRIP = NO;
				DEBUG_INFORMATION_FORMAT = dwarf;
				ENABLE_STRICT_OBJC_MSGSEND = YES;
				ENABLE_TESTABILITY = YES;
				GCC_C_LANGUAGE_STANDARD = gnu99;
				GCC_DYNAMIC_NO_PIC = NO;
				GCC_NO_COMMON_BLOCKS = YES;
				GCC_OPTIMIZATION_LEVEL = 0;
				GCC_PREPROCESSOR_DEFINITIONS = (
					"DEBUG=1",
					"$(inherited)",
				);
				GCC_WARN_64_TO_32_BIT_CONVERSION = YES;
				GCC_WARN_ABOUT_RETURN_TYPE = YES_ERROR;
				GCC_WARN_UNDECLARED_SELECTOR = YES;
				GCC_WARN_UNINITIALIZED_AUTOS = YES_AGGRESSIVE;
				GCC_WARN_UNUSED_FUNCTION = YES;
				GCC_WARN_UNUSED_VARIABLE = YES;
				IPHONEOS_DEPLOYMENT_TARGET = 10.3;
				MTL_ENABLE_DEBUG_INFO = YES;
				ONLY_ACTIVE_ARCH = YES;
				SDKROOT = iphoneos;
				SWIFT_ACTIVE_COMPILATION_CONDITIONS = DEBUG;
				SWIFT_OPTIMIZATION_LEVEL = "-Onone";
				TARGETED_DEVICE_FAMILY = "1,2";
			};
			name = Debug;
		};
		D0DD23AA1F65A96300B944B4 /* Release */ = {
			isa = XCBuildConfiguration;
			buildSettings = {
				ALWAYS_SEARCH_USER_PATHS = NO;
				CLANG_ANALYZER_NONNULL = YES;
				CLANG_ANALYZER_NUMBER_OBJECT_CONVERSION = YES_AGGRESSIVE;
				CLANG_CXX_LANGUAGE_STANDARD = "gnu++0x";
				CLANG_CXX_LIBRARY = "libc++";
				CLANG_ENABLE_MODULES = YES;
				CLANG_ENABLE_OBJC_ARC = YES;
				CLANG_WARN_BOOL_CONVERSION = YES;
				CLANG_WARN_CONSTANT_CONVERSION = YES;
				CLANG_WARN_DIRECT_OBJC_ISA_USAGE = YES_ERROR;
				CLANG_WARN_DOCUMENTATION_COMMENTS = YES;
				CLANG_WARN_EMPTY_BODY = YES;
				CLANG_WARN_ENUM_CONVERSION = YES;
				CLANG_WARN_INFINITE_RECURSION = YES;
				CLANG_WARN_INT_CONVERSION = YES;
				CLANG_WARN_OBJC_ROOT_CLASS = YES_ERROR;
				CLANG_WARN_SUSPICIOUS_MOVE = YES;
				CLANG_WARN_UNREACHABLE_CODE = YES;
				CLANG_WARN__DUPLICATE_METHOD_MATCH = YES;
				"CODE_SIGN_IDENTITY[sdk=iphoneos*]" = "iPhone Developer";
				COPY_PHASE_STRIP = NO;
				DEBUG_INFORMATION_FORMAT = "dwarf-with-dsym";
				ENABLE_NS_ASSERTIONS = NO;
				ENABLE_STRICT_OBJC_MSGSEND = YES;
				GCC_C_LANGUAGE_STANDARD = gnu99;
				GCC_NO_COMMON_BLOCKS = YES;
				GCC_WARN_64_TO_32_BIT_CONVERSION = YES;
				GCC_WARN_ABOUT_RETURN_TYPE = YES_ERROR;
				GCC_WARN_UNDECLARED_SELECTOR = YES;
				GCC_WARN_UNINITIALIZED_AUTOS = YES_AGGRESSIVE;
				GCC_WARN_UNUSED_FUNCTION = YES;
				GCC_WARN_UNUSED_VARIABLE = YES;
				IPHONEOS_DEPLOYMENT_TARGET = 10.3;
				MTL_ENABLE_DEBUG_INFO = NO;
				SDKROOT = iphoneos;
				SWIFT_OPTIMIZATION_LEVEL = "-Owholemodule";
				TARGETED_DEVICE_FAMILY = "1,2";
				VALIDATE_PRODUCT = YES;
			};
			name = Release;
		};
		D0DD23AC1F65A96300B944B4 /* Debug */ = {
			isa = XCBuildConfiguration;
			baseConfigurationReference = 07C15832A83A44CD85BDC541 /* Pods-Teamees.debug.xcconfig */;
			buildSettings = {
				ASSETCATALOG_COMPILER_APPICON_NAME = AppIcon;
				DEVELOPMENT_TEAM = A58859Q3MF;
				INFOPLIST_FILE = Teamees/Info.plist;
				LD_RUNPATH_SEARCH_PATHS = "$(inherited) @executable_path/Frameworks";
				PRODUCT_BUNDLE_IDENTIFIER = com.tapizquent.Teamees;
				PRODUCT_NAME = "$(TARGET_NAME)";
				SWIFT_VERSION = 3.0;
			};
			name = Debug;
		};
		D0DD23AD1F65A96300B944B4 /* Release */ = {
			isa = XCBuildConfiguration;
			baseConfigurationReference = 8CABCEBFDF869A00E2EF712A /* Pods-Teamees.release.xcconfig */;
			buildSettings = {
				ASSETCATALOG_COMPILER_APPICON_NAME = AppIcon;
				DEVELOPMENT_TEAM = A58859Q3MF;
				INFOPLIST_FILE = Teamees/Info.plist;
				LD_RUNPATH_SEARCH_PATHS = "$(inherited) @executable_path/Frameworks";
				PRODUCT_BUNDLE_IDENTIFIER = com.tapizquent.Teamees;
				PRODUCT_NAME = "$(TARGET_NAME)";
				SWIFT_VERSION = 3.0;
			};
			name = Release;
		};
		D0DD23AF1F65A96300B944B4 /* Debug */ = {
			isa = XCBuildConfiguration;
			baseConfigurationReference = 7CA8C6C9934723CA4CE90DA8 /* Pods-TeameesTests.debug.xcconfig */;
			buildSettings = {
				ALWAYS_EMBED_SWIFT_STANDARD_LIBRARIES = YES;
				BUNDLE_LOADER = "$(TEST_HOST)";
				DEVELOPMENT_TEAM = A58859Q3MF;
				INFOPLIST_FILE = TeameesTests/Info.plist;
				LD_RUNPATH_SEARCH_PATHS = "$(inherited) @executable_path/Frameworks @loader_path/Frameworks";
				PRODUCT_BUNDLE_IDENTIFIER = com.tapizquent.TeameesTests;
				PRODUCT_NAME = "$(TARGET_NAME)";
				SWIFT_VERSION = 3.0;
				TEST_HOST = "$(BUILT_PRODUCTS_DIR)/Teamees.app/Teamees";
			};
			name = Debug;
		};
		D0DD23B01F65A96300B944B4 /* Release */ = {
			isa = XCBuildConfiguration;
			baseConfigurationReference = 231D4E0AF270A1792643EFEE /* Pods-TeameesTests.release.xcconfig */;
			buildSettings = {
				ALWAYS_EMBED_SWIFT_STANDARD_LIBRARIES = YES;
				BUNDLE_LOADER = "$(TEST_HOST)";
				DEVELOPMENT_TEAM = A58859Q3MF;
				INFOPLIST_FILE = TeameesTests/Info.plist;
				LD_RUNPATH_SEARCH_PATHS = "$(inherited) @executable_path/Frameworks @loader_path/Frameworks";
				PRODUCT_BUNDLE_IDENTIFIER = com.tapizquent.TeameesTests;
				PRODUCT_NAME = "$(TARGET_NAME)";
				SWIFT_VERSION = 3.0;
				TEST_HOST = "$(BUILT_PRODUCTS_DIR)/Teamees.app/Teamees";
			};
			name = Release;
		};
/* End XCBuildConfiguration section */

/* Begin XCConfigurationList section */
		D0DD23891F65A96300B944B4 /* Build configuration list for PBXProject "Teamees" */ = {
			isa = XCConfigurationList;
			buildConfigurations = (
				D0DD23A91F65A96300B944B4 /* Debug */,
				D0DD23AA1F65A96300B944B4 /* Release */,
			);
			defaultConfigurationIsVisible = 0;
			defaultConfigurationName = Release;
		};
		D0DD23AB1F65A96300B944B4 /* Build configuration list for PBXNativeTarget "Teamees" */ = {
			isa = XCConfigurationList;
			buildConfigurations = (
				D0DD23AC1F65A96300B944B4 /* Debug */,
				D0DD23AD1F65A96300B944B4 /* Release */,
			);
			defaultConfigurationIsVisible = 0;
			defaultConfigurationName = Release;
		};
		D0DD23AE1F65A96300B944B4 /* Build configuration list for PBXNativeTarget "TeameesTests" */ = {
			isa = XCConfigurationList;
			buildConfigurations = (
				D0DD23AF1F65A96300B944B4 /* Debug */,
				D0DD23B01F65A96300B944B4 /* Release */,
			);
			defaultConfigurationIsVisible = 0;
			defaultConfigurationName = Release;
		};
/* End XCConfigurationList section */
	};
	rootObject = D0DD23861F65A96300B944B4 /* Project object */;
}
